// !$*UTF8*$!
{
	archiveVersion = 1;
	classes = {
	};
	objectVersion = 51;
	objects = {

/* Begin PBXBuildFile section */
		3653130CB065165D68A170BD /* Pods_Orchestra.framework in Frameworks */ = {isa = PBXBuildFile; fileRef = 2D162F61AA955C0AA6A7EF18 /* Pods_Orchestra.framework */; };
		5A5AFD1AF1FD1F2254A4819C /* Pods_Orchestra_WatchKit_Extension.framework in Frameworks */ = {isa = PBXBuildFile; fileRef = 7FAD353EAECCA6536257D9E8 /* Pods_Orchestra_WatchKit_Extension.framework */; };
		5C4EBF5457359C3995E9FFCD /* Pods_Orchestra_WatchKit_App.framework in Frameworks */ = {isa = PBXBuildFile; fileRef = 5D82E963E24E7DDADBC96DA3 /* Pods_Orchestra_WatchKit_App.framework */; };
		630BE20A261479B300F88DB2 /* RaspberryService.swift in Sources */ = {isa = PBXBuildFile; fileRef = 630BE209261479B300F88DB2 /* RaspberryService.swift */; };
		630BE20F261479FF00F88DB2 /* HomeAssistantService.swift in Sources */ = {isa = PBXBuildFile; fileRef = 630BE20E261479FF00F88DB2 /* HomeAssistantService.swift */; };
		630BE21526147A4A00F88DB2 /* UserServices.swift in Sources */ = {isa = PBXBuildFile; fileRef = 630BE21426147A4A00F88DB2 /* UserServices.swift */; };
		631BAB1D2610EA38003F65F9 /* StringUtils.swift in Sources */ = {isa = PBXBuildFile; fileRef = 631BAB1C2610EA38003F65F9 /* StringUtils.swift */; };
		631BAB222610EA8E003F65F9 /* FileUtils.swift in Sources */ = {isa = PBXBuildFile; fileRef = 631BAB212610EA8E003F65F9 /* FileUtils.swift */; };
		633E7E412610D0F50094B148 /* FakeUserDataService.swift in Sources */ = {isa = PBXBuildFile; fileRef = 633E7E402610D0F50094B148 /* FakeUserDataService.swift */; };
		633E7E4C2610D12D0094B148 /* RootApiService.swift in Sources */ = {isa = PBXBuildFile; fileRef = 633E7E4B2610D12D0094B148 /* RootApiService.swift */; };
		633E7E542610D1400094B148 /* UserDto.swift in Sources */ = {isa = PBXBuildFile; fileRef = 633E7E532610D1400094B148 /* UserDto.swift */; };
		633E7E742610D6660094B148 /* HouseDto.swift in Sources */ = {isa = PBXBuildFile; fileRef = 633E7E732610D6660094B148 /* HouseDto.swift */; };
		633E7E7A2610D67B0094B148 /* SceneDto.swift in Sources */ = {isa = PBXBuildFile; fileRef = 633E7E792610D67B0094B148 /* SceneDto.swift */; };
		633E7E822610D7460094B148 /* ActionsSceneDto.swift in Sources */ = {isa = PBXBuildFile; fileRef = 633E7E812610D7460094B148 /* ActionsSceneDto.swift */; };
		634F9544261A340A0092C269 /* ScenesListViewController.swift in Sources */ = {isa = PBXBuildFile; fileRef = 634F9542261A340A0092C269 /* ScenesListViewController.swift */; };
		634F9545261A340A0092C269 /* ScenesListViewController.xib in Resources */ = {isa = PBXBuildFile; fileRef = 634F9543261A340A0092C269 /* ScenesListViewController.xib */; };
		634F954D261A41240092C269 /* ScreensLabelLocalizableUtils.swift in Sources */ = {isa = PBXBuildFile; fileRef = 634F954C261A41240092C269 /* ScreensLabelLocalizableUtils.swift */; };
		634F9574261B42FD0092C269 /* AppSettingsViewController.swift in Sources */ = {isa = PBXBuildFile; fileRef = 634F9572261B42FD0092C269 /* AppSettingsViewController.swift */; };
		634F9575261B42FD0092C269 /* AppSettingsViewController.xib in Resources */ = {isa = PBXBuildFile; fileRef = 634F9573261B42FD0092C269 /* AppSettingsViewController.xib */; };
		634F957C261B65920092C269 /* ObjectCollectionViewCell.swift in Sources */ = {isa = PBXBuildFile; fileRef = 634F957A261B65920092C269 /* ObjectCollectionViewCell.swift */; };
		634F957D261B65920092C269 /* ObjectCollectionViewCell.xib in Resources */ = {isa = PBXBuildFile; fileRef = 634F957B261B65920092C269 /* ObjectCollectionViewCell.xib */; };
		634F9586261B67A80092C269 /* SceneCollectionViewCell.swift in Sources */ = {isa = PBXBuildFile; fileRef = 634F9584261B67A80092C269 /* SceneCollectionViewCell.swift */; };
		634F9587261B67A80092C269 /* SceneCollectionViewCell.xib in Resources */ = {isa = PBXBuildFile; fileRef = 634F9585261B67A80092C269 /* SceneCollectionViewCell.xib */; };
		634F958D261B6B260092C269 /* HeaderCollectionViewCell.swift in Sources */ = {isa = PBXBuildFile; fileRef = 634F958B261B6B260092C269 /* HeaderCollectionViewCell.swift */; };
		634F958E261B6B260092C269 /* HeaderCollectionViewCell.xib in Resources */ = {isa = PBXBuildFile; fileRef = 634F958C261B6B260092C269 /* HeaderCollectionViewCell.xib */; };
		635DD49E26188025001D1EFC /* Users.json in Resources */ = {isa = PBXBuildFile; fileRef = 635DD49D26188025001D1EFC /* Users.json */; };
		635DD4A326188034001D1EFC /* Scenes.json in Resources */ = {isa = PBXBuildFile; fileRef = 635DD4A226188034001D1EFC /* Scenes.json */; };
		635DD4A826188041001D1EFC /* Houses.json in Resources */ = {isa = PBXBuildFile; fileRef = 635DD4A726188041001D1EFC /* Houses.json */; };
		635DD4B02618867E001D1EFC /* LoginViewController.swift in Sources */ = {isa = PBXBuildFile; fileRef = 635DD4AE2618867E001D1EFC /* LoginViewController.swift */; };
		635DD4B12618867E001D1EFC /* LoginViewController.xib in Resources */ = {isa = PBXBuildFile; fileRef = 635DD4AF2618867E001D1EFC /* LoginViewController.xib */; };
		635DD4E7261A0640001D1EFC /* SigninViewController.swift in Sources */ = {isa = PBXBuildFile; fileRef = 635DD4E5261A0640001D1EFC /* SigninViewController.swift */; };
		635DD4E8261A0640001D1EFC /* SigninViewController.xib in Resources */ = {isa = PBXBuildFile; fileRef = 635DD4E6261A0640001D1EFC /* SigninViewController.xib */; };
		635DD4F8261A0BDC001D1EFC /* AppError.swift in Sources */ = {isa = PBXBuildFile; fileRef = 635DD4F7261A0BDC001D1EFC /* AppError.swift */; };
		636F4702260A5F8B001D8196 /* AppDelegate.swift in Sources */ = {isa = PBXBuildFile; fileRef = 636F4701260A5F8B001D8196 /* AppDelegate.swift */; };
		636F4704260A5F8B001D8196 /* SceneDelegate.swift in Sources */ = {isa = PBXBuildFile; fileRef = 636F4703260A5F8B001D8196 /* SceneDelegate.swift */; };
		636F4706260A5F8B001D8196 /* ViewController.swift in Sources */ = {isa = PBXBuildFile; fileRef = 636F4705260A5F8B001D8196 /* ViewController.swift */; };
		636F470B260A5F8F001D8196 /* Assets.xcassets in Resources */ = {isa = PBXBuildFile; fileRef = 636F470A260A5F8F001D8196 /* Assets.xcassets */; };
		636F470E260A5F8F001D8196 /* LaunchScreen.storyboard in Resources */ = {isa = PBXBuildFile; fileRef = 636F470C260A5F8F001D8196 /* LaunchScreen.storyboard */; };
		636F4713260A5F8F001D8196 /* Orchestra WatchKit App.app in Embed Watch Content */ = {isa = PBXBuildFile; fileRef = 636F4712260A5F8F001D8196 /* Orchestra WatchKit App.app */; settings = {ATTRIBUTES = (RemoveHeadersOnCopy, ); }; };
		636F4719260A5F8F001D8196 /* Interface.storyboard in Resources */ = {isa = PBXBuildFile; fileRef = 636F4717260A5F8F001D8196 /* Interface.storyboard */; };
		636F471B260A5F91001D8196 /* Assets.xcassets in Resources */ = {isa = PBXBuildFile; fileRef = 636F471A260A5F91001D8196 /* Assets.xcassets */; };
		636F4722260A5F91001D8196 /* Orchestra WatchKit Extension.appex in Embed App Extensions */ = {isa = PBXBuildFile; fileRef = 636F4721260A5F91001D8196 /* Orchestra WatchKit Extension.appex */; settings = {ATTRIBUTES = (RemoveHeadersOnCopy, ); }; };
		636F4727260A5F91001D8196 /* InterfaceController.swift in Sources */ = {isa = PBXBuildFile; fileRef = 636F4726260A5F91001D8196 /* InterfaceController.swift */; };
		636F4729260A5F91001D8196 /* ExtensionDelegate.swift in Sources */ = {isa = PBXBuildFile; fileRef = 636F4728260A5F91001D8196 /* ExtensionDelegate.swift */; };
		636F472B260A5F91001D8196 /* NotificationController.swift in Sources */ = {isa = PBXBuildFile; fileRef = 636F472A260A5F91001D8196 /* NotificationController.swift */; };
		636F472D260A5F91001D8196 /* ComplicationController.swift in Sources */ = {isa = PBXBuildFile; fileRef = 636F472C260A5F91001D8196 /* ComplicationController.swift */; };
		636F472F260A5F93001D8196 /* Assets.xcassets in Resources */ = {isa = PBXBuildFile; fileRef = 636F472E260A5F93001D8196 /* Assets.xcassets */; };
		637FB62C2615125000790735 /* UsersViewModel.swift in Sources */ = {isa = PBXBuildFile; fileRef = 637FB62B2615125000790735 /* UsersViewModel.swift */; };
		637FB6422615BCB900790735 /* NotificationUtils.swift in Sources */ = {isa = PBXBuildFile; fileRef = 637FB6412615BCB900790735 /* NotificationUtils.swift */; };
		637FB6712615BE8000790735 /* UserLocalizableUtils.swift in Sources */ = {isa = PBXBuildFile; fileRef = 637FB6702615BE8000790735 /* UserLocalizableUtils.swift */; };
		637FB6792615BFA200790735 /* ProgressUtils.swift in Sources */ = {isa = PBXBuildFile; fileRef = 637FB6782615BFA200790735 /* ProgressUtils.swift */; };
		637FB6BB2615CBAE00790735 /* NotificationLocalizableUtils.swift in Sources */ = {isa = PBXBuildFile; fileRef = 637FB6BA2615CBAE00790735 /* NotificationLocalizableUtils.swift */; };
		637FB6CF2615CEA600790735 /* Localizable.strings in Resources */ = {isa = PBXBuildFile; fileRef = 637FB6D12615CEA600790735 /* Localizable.strings */; };
		63880ED12610E66E003C3701 /* ApiUtils.swift in Sources */ = {isa = PBXBuildFile; fileRef = 63880ED02610E66E003C3701 /* ApiUtils.swift */; };
		638AB8E6261494510020EE75 /* SceneServices.swift in Sources */ = {isa = PBXBuildFile; fileRef = 638AB8E5261494510020EE75 /* SceneServices.swift */; };
		638AB8EB261495EB0020EE75 /* HouseServices.swift in Sources */ = {isa = PBXBuildFile; fileRef = 638AB8EA261495EB0020EE75 /* HouseServices.swift */; };
		638AB90826149CC30020EE75 /* AppPresentationPagerViewController.swift in Sources */ = {isa = PBXBuildFile; fileRef = 638AB90626149CC30020EE75 /* AppPresentationPagerViewController.swift */; };
		638AB90926149CC30020EE75 /* AppPresentationPagerViewController.xib in Resources */ = {isa = PBXBuildFile; fileRef = 638AB90726149CC30020EE75 /* AppPresentationPagerViewController.xib */; };
		63D5B2982610FB35004573D7 /* ErrorDto.swift in Sources */ = {isa = PBXBuildFile; fileRef = 63D5B2972610FB35004573D7 /* ErrorDto.swift */; };
/* End PBXBuildFile section */

/* Begin PBXContainerItemProxy section */
		636F4714260A5F8F001D8196 /* PBXContainerItemProxy */ = {
			isa = PBXContainerItemProxy;
			containerPortal = 636F46F6260A5F8B001D8196 /* Project object */;
			proxyType = 1;
			remoteGlobalIDString = 636F4711260A5F8F001D8196;
			remoteInfo = "Orchestra WatchKit App";
		};
		636F4723260A5F91001D8196 /* PBXContainerItemProxy */ = {
			isa = PBXContainerItemProxy;
			containerPortal = 636F46F6260A5F8B001D8196 /* Project object */;
			proxyType = 1;
			remoteGlobalIDString = 636F4720260A5F91001D8196;
			remoteInfo = "Orchestra WatchKit Extension";
		};
/* End PBXContainerItemProxy section */

/* Begin PBXCopyFilesBuildPhase section */
		636F4737260A5F94001D8196 /* Embed App Extensions */ = {
			isa = PBXCopyFilesBuildPhase;
			buildActionMask = 2147483647;
			dstPath = "";
			dstSubfolderSpec = 13;
			files = (
				636F4722260A5F91001D8196 /* Orchestra WatchKit Extension.appex in Embed App Extensions */,
			);
			name = "Embed App Extensions";
			runOnlyForDeploymentPostprocessing = 0;
		};
		636F473B260A5F94001D8196 /* Embed Watch Content */ = {
			isa = PBXCopyFilesBuildPhase;
			buildActionMask = 2147483647;
			dstPath = "$(CONTENTS_FOLDER_PATH)/Watch";
			dstSubfolderSpec = 16;
			files = (
				636F4713260A5F8F001D8196 /* Orchestra WatchKit App.app in Embed Watch Content */,
			);
			name = "Embed Watch Content";
			runOnlyForDeploymentPostprocessing = 0;
		};
/* End PBXCopyFilesBuildPhase section */

/* Begin PBXFileReference section */
		08266D5F035016D5D7C3E034 /* Pods-Orchestra.debug.xcconfig */ = {isa = PBXFileReference; includeInIndex = 1; lastKnownFileType = text.xcconfig; name = "Pods-Orchestra.debug.xcconfig"; path = "Target Support Files/Pods-Orchestra/Pods-Orchestra.debug.xcconfig"; sourceTree = "<group>"; };
		2D162F61AA955C0AA6A7EF18 /* Pods_Orchestra.framework */ = {isa = PBXFileReference; explicitFileType = wrapper.framework; includeInIndex = 0; path = Pods_Orchestra.framework; sourceTree = BUILT_PRODUCTS_DIR; };
		345D1894693AA5764AA58039 /* Pods-Orchestra WatchKit App.debug.xcconfig */ = {isa = PBXFileReference; includeInIndex = 1; lastKnownFileType = text.xcconfig; name = "Pods-Orchestra WatchKit App.debug.xcconfig"; path = "Target Support Files/Pods-Orchestra WatchKit App/Pods-Orchestra WatchKit App.debug.xcconfig"; sourceTree = "<group>"; };
		5D82E963E24E7DDADBC96DA3 /* Pods_Orchestra_WatchKit_App.framework */ = {isa = PBXFileReference; explicitFileType = wrapper.framework; includeInIndex = 0; path = Pods_Orchestra_WatchKit_App.framework; sourceTree = BUILT_PRODUCTS_DIR; };
		630BE209261479B300F88DB2 /* RaspberryService.swift */ = {isa = PBXFileReference; lastKnownFileType = sourcecode.swift; path = RaspberryService.swift; sourceTree = "<group>"; };
		630BE20E261479FF00F88DB2 /* HomeAssistantService.swift */ = {isa = PBXFileReference; lastKnownFileType = sourcecode.swift; path = HomeAssistantService.swift; sourceTree = "<group>"; };
		630BE21426147A4A00F88DB2 /* UserServices.swift */ = {isa = PBXFileReference; lastKnownFileType = sourcecode.swift; path = UserServices.swift; sourceTree = "<group>"; };
		630E84A62615CFC4005CE9A1 /* de */ = {isa = PBXFileReference; lastKnownFileType = text.plist.strings; name = de; path = de.lproj/LaunchScreen.strings; sourceTree = "<group>"; };
		630E84A72615CFC4005CE9A1 /* de */ = {isa = PBXFileReference; lastKnownFileType = text.plist.strings; name = de; path = de.lproj/Interface.strings; sourceTree = "<group>"; };
		631BAB1C2610EA38003F65F9 /* StringUtils.swift */ = {isa = PBXFileReference; lastKnownFileType = sourcecode.swift; path = StringUtils.swift; sourceTree = "<group>"; };
		631BAB212610EA8E003F65F9 /* FileUtils.swift */ = {isa = PBXFileReference; lastKnownFileType = sourcecode.swift; path = FileUtils.swift; sourceTree = "<group>"; };
		633AB0932615CF68002F6883 /* es */ = {isa = PBXFileReference; lastKnownFileType = text.plist.strings; name = es; path = es.lproj/LaunchScreen.strings; sourceTree = "<group>"; };
		633AB0942615CF68002F6883 /* es */ = {isa = PBXFileReference; lastKnownFileType = text.plist.strings; name = es; path = es.lproj/Interface.strings; sourceTree = "<group>"; };
		633E7E402610D0F50094B148 /* FakeUserDataService.swift */ = {isa = PBXFileReference; lastKnownFileType = sourcecode.swift; path = FakeUserDataService.swift; sourceTree = "<group>"; };
		633E7E4B2610D12D0094B148 /* RootApiService.swift */ = {isa = PBXFileReference; lastKnownFileType = sourcecode.swift; path = RootApiService.swift; sourceTree = "<group>"; };
		633E7E532610D1400094B148 /* UserDto.swift */ = {isa = PBXFileReference; lastKnownFileType = sourcecode.swift; path = UserDto.swift; sourceTree = "<group>"; };
		633E7E732610D6660094B148 /* HouseDto.swift */ = {isa = PBXFileReference; lastKnownFileType = sourcecode.swift; path = HouseDto.swift; sourceTree = "<group>"; };
		633E7E792610D67B0094B148 /* SceneDto.swift */ = {isa = PBXFileReference; lastKnownFileType = sourcecode.swift; path = SceneDto.swift; sourceTree = "<group>"; };
		633E7E812610D7460094B148 /* ActionsSceneDto.swift */ = {isa = PBXFileReference; lastKnownFileType = sourcecode.swift; path = ActionsSceneDto.swift; sourceTree = "<group>"; };
		6346F07F2615D095008ACED9 /* nl */ = {isa = PBXFileReference; lastKnownFileType = text.plist.strings; name = nl; path = nl.lproj/LaunchScreen.strings; sourceTree = "<group>"; };
		6346F0802615D095008ACED9 /* nl */ = {isa = PBXFileReference; lastKnownFileType = text.plist.strings; name = nl; path = nl.lproj/Interface.strings; sourceTree = "<group>"; };
		6346F0812615D09A008ACED9 /* nl */ = {isa = PBXFileReference; lastKnownFileType = text.plist.strings; name = nl; path = nl.lproj/Localizable.strings; sourceTree = "<group>"; };
		6346F0822615D09B008ACED9 /* de */ = {isa = PBXFileReference; lastKnownFileType = text.plist.strings; name = de; path = de.lproj/Localizable.strings; sourceTree = "<group>"; };
		6346F0832615D09B008ACED9 /* it */ = {isa = PBXFileReference; lastKnownFileType = text.plist.strings; name = it; path = it.lproj/Localizable.strings; sourceTree = "<group>"; };
		6346F0842615D09C008ACED9 /* pt-PT */ = {isa = PBXFileReference; lastKnownFileType = text.plist.strings; name = "pt-PT"; path = "pt-PT.lproj/Localizable.strings"; sourceTree = "<group>"; };
		6346F0852615D09D008ACED9 /* es */ = {isa = PBXFileReference; lastKnownFileType = text.plist.strings; name = es; path = es.lproj/Localizable.strings; sourceTree = "<group>"; };
		634F9542261A340A0092C269 /* ScenesListViewController.swift */ = {isa = PBXFileReference; lastKnownFileType = sourcecode.swift; path = ScenesListViewController.swift; sourceTree = "<group>"; };
		634F9543261A340A0092C269 /* ScenesListViewController.xib */ = {isa = PBXFileReference; lastKnownFileType = file.xib; path = ScenesListViewController.xib; sourceTree = "<group>"; };
		634F954C261A41240092C269 /* ScreensLabelLocalizableUtils.swift */ = {isa = PBXFileReference; lastKnownFileType = sourcecode.swift; path = ScreensLabelLocalizableUtils.swift; sourceTree = "<group>"; };
		634F9572261B42FD0092C269 /* AppSettingsViewController.swift */ = {isa = PBXFileReference; lastKnownFileType = sourcecode.swift; path = AppSettingsViewController.swift; sourceTree = "<group>"; };
		634F9573261B42FD0092C269 /* AppSettingsViewController.xib */ = {isa = PBXFileReference; lastKnownFileType = file.xib; path = AppSettingsViewController.xib; sourceTree = "<group>"; };
		634F957A261B65920092C269 /* ObjectCollectionViewCell.swift */ = {isa = PBXFileReference; lastKnownFileType = sourcecode.swift; path = ObjectCollectionViewCell.swift; sourceTree = "<group>"; };
		634F957B261B65920092C269 /* ObjectCollectionViewCell.xib */ = {isa = PBXFileReference; lastKnownFileType = file.xib; path = ObjectCollectionViewCell.xib; sourceTree = "<group>"; };
		634F9584261B67A80092C269 /* SceneCollectionViewCell.swift */ = {isa = PBXFileReference; lastKnownFileType = sourcecode.swift; path = SceneCollectionViewCell.swift; sourceTree = "<group>"; };
		634F9585261B67A80092C269 /* SceneCollectionViewCell.xib */ = {isa = PBXFileReference; lastKnownFileType = file.xib; path = SceneCollectionViewCell.xib; sourceTree = "<group>"; };
		634F958B261B6B260092C269 /* HeaderCollectionViewCell.swift */ = {isa = PBXFileReference; lastKnownFileType = sourcecode.swift; path = HeaderCollectionViewCell.swift; sourceTree = "<group>"; };
		634F958C261B6B260092C269 /* HeaderCollectionViewCell.xib */ = {isa = PBXFileReference; lastKnownFileType = file.xib; path = HeaderCollectionViewCell.xib; sourceTree = "<group>"; };
		635DD49D26188025001D1EFC /* Users.json */ = {isa = PBXFileReference; lastKnownFileType = text.json; path = Users.json; sourceTree = "<group>"; xcLanguageSpecificationIdentifier = xcode.lang.json; };
		635DD4A226188034001D1EFC /* Scenes.json */ = {isa = PBXFileReference; lastKnownFileType = text.json; path = Scenes.json; sourceTree = "<group>"; };
		635DD4A726188041001D1EFC /* Houses.json */ = {isa = PBXFileReference; lastKnownFileType = text.json; path = Houses.json; sourceTree = "<group>"; };
		635DD4AE2618867E001D1EFC /* LoginViewController.swift */ = {isa = PBXFileReference; lastKnownFileType = sourcecode.swift; path = LoginViewController.swift; sourceTree = "<group>"; };
		635DD4AF2618867E001D1EFC /* LoginViewController.xib */ = {isa = PBXFileReference; lastKnownFileType = file.xib; path = LoginViewController.xib; sourceTree = "<group>"; };
		635DD4CC2618A174001D1EFC /* fr */ = {isa = PBXFileReference; lastKnownFileType = text.plist.strings; name = fr; path = fr.lproj/LaunchScreen.strings; sourceTree = "<group>"; };
		635DD4CD2618A174001D1EFC /* fr */ = {isa = PBXFileReference; lastKnownFileType = text.plist.strings; name = fr; path = fr.lproj/Interface.strings; sourceTree = "<group>"; };
		635DD4CE2618A174001D1EFC /* fr */ = {isa = PBXFileReference; lastKnownFileType = text.plist.strings; name = fr; path = fr.lproj/Localizable.strings; sourceTree = "<group>"; };
		635DD4E5261A0640001D1EFC /* SigninViewController.swift */ = {isa = PBXFileReference; lastKnownFileType = sourcecode.swift; path = SigninViewController.swift; sourceTree = "<group>"; };
		635DD4E6261A0640001D1EFC /* SigninViewController.xib */ = {isa = PBXFileReference; lastKnownFileType = file.xib; path = SigninViewController.xib; sourceTree = "<group>"; };
		635DD4F7261A0BDC001D1EFC /* AppError.swift */ = {isa = PBXFileReference; lastKnownFileType = sourcecode.swift; path = AppError.swift; sourceTree = "<group>"; };
		636F46FE260A5F8B001D8196 /* Orchestra.app */ = {isa = PBXFileReference; explicitFileType = wrapper.application; includeInIndex = 0; path = Orchestra.app; sourceTree = BUILT_PRODUCTS_DIR; };
		636F4701260A5F8B001D8196 /* AppDelegate.swift */ = {isa = PBXFileReference; lastKnownFileType = sourcecode.swift; path = AppDelegate.swift; sourceTree = "<group>"; };
		636F4703260A5F8B001D8196 /* SceneDelegate.swift */ = {isa = PBXFileReference; lastKnownFileType = sourcecode.swift; path = SceneDelegate.swift; sourceTree = "<group>"; };
		636F4705260A5F8B001D8196 /* ViewController.swift */ = {isa = PBXFileReference; lastKnownFileType = sourcecode.swift; path = ViewController.swift; sourceTree = "<group>"; };
		636F470A260A5F8F001D8196 /* Assets.xcassets */ = {isa = PBXFileReference; lastKnownFileType = folder.assetcatalog; path = Assets.xcassets; sourceTree = "<group>"; };
		636F470D260A5F8F001D8196 /* Base */ = {isa = PBXFileReference; lastKnownFileType = file.storyboard; name = Base; path = Base.lproj/LaunchScreen.storyboard; sourceTree = "<group>"; };
		636F470F260A5F8F001D8196 /* Info.plist */ = {isa = PBXFileReference; lastKnownFileType = text.plist.xml; path = Info.plist; sourceTree = "<group>"; };
		636F4712260A5F8F001D8196 /* Orchestra WatchKit App.app */ = {isa = PBXFileReference; explicitFileType = wrapper.application; includeInIndex = 0; path = "Orchestra WatchKit App.app"; sourceTree = BUILT_PRODUCTS_DIR; };
		636F4718260A5F8F001D8196 /* Base */ = {isa = PBXFileReference; lastKnownFileType = file.storyboard; name = Base; path = Base.lproj/Interface.storyboard; sourceTree = "<group>"; };
		636F471A260A5F91001D8196 /* Assets.xcassets */ = {isa = PBXFileReference; lastKnownFileType = folder.assetcatalog; path = Assets.xcassets; sourceTree = "<group>"; };
		636F471C260A5F91001D8196 /* Info.plist */ = {isa = PBXFileReference; lastKnownFileType = text.plist.xml; path = Info.plist; sourceTree = "<group>"; };
		636F4721260A5F91001D8196 /* Orchestra WatchKit Extension.appex */ = {isa = PBXFileReference; explicitFileType = "wrapper.app-extension"; includeInIndex = 0; path = "Orchestra WatchKit Extension.appex"; sourceTree = BUILT_PRODUCTS_DIR; };
		636F4726260A5F91001D8196 /* InterfaceController.swift */ = {isa = PBXFileReference; lastKnownFileType = sourcecode.swift; path = InterfaceController.swift; sourceTree = "<group>"; };
		636F4728260A5F91001D8196 /* ExtensionDelegate.swift */ = {isa = PBXFileReference; lastKnownFileType = sourcecode.swift; path = ExtensionDelegate.swift; sourceTree = "<group>"; };
		636F472A260A5F91001D8196 /* NotificationController.swift */ = {isa = PBXFileReference; lastKnownFileType = sourcecode.swift; path = NotificationController.swift; sourceTree = "<group>"; };
		636F472C260A5F91001D8196 /* ComplicationController.swift */ = {isa = PBXFileReference; lastKnownFileType = sourcecode.swift; path = ComplicationController.swift; sourceTree = "<group>"; };
		636F472E260A5F93001D8196 /* Assets.xcassets */ = {isa = PBXFileReference; lastKnownFileType = folder.assetcatalog; path = Assets.xcassets; sourceTree = "<group>"; };
		636F4730260A5F93001D8196 /* Info.plist */ = {isa = PBXFileReference; lastKnownFileType = text.plist.xml; path = Info.plist; sourceTree = "<group>"; };
		636F4731260A5F93001D8196 /* PushNotificationPayload.apns */ = {isa = PBXFileReference; lastKnownFileType = text; path = PushNotificationPayload.apns; sourceTree = "<group>"; };
		637FB62B2615125000790735 /* UsersViewModel.swift */ = {isa = PBXFileReference; lastKnownFileType = sourcecode.swift; path = UsersViewModel.swift; sourceTree = "<group>"; };
		637FB6412615BCB900790735 /* NotificationUtils.swift */ = {isa = PBXFileReference; lastKnownFileType = sourcecode.swift; path = NotificationUtils.swift; sourceTree = "<group>"; };
		637FB6702615BE8000790735 /* UserLocalizableUtils.swift */ = {isa = PBXFileReference; lastKnownFileType = sourcecode.swift; path = UserLocalizableUtils.swift; sourceTree = "<group>"; };
		637FB6782615BFA200790735 /* ProgressUtils.swift */ = {isa = PBXFileReference; lastKnownFileType = sourcecode.swift; path = ProgressUtils.swift; sourceTree = "<group>"; };
		637FB6BA2615CBAE00790735 /* NotificationLocalizableUtils.swift */ = {isa = PBXFileReference; lastKnownFileType = sourcecode.swift; path = NotificationLocalizableUtils.swift; sourceTree = "<group>"; };
		637FB6D02615CEA600790735 /* en */ = {isa = PBXFileReference; lastKnownFileType = text.plist.strings; name = en; path = en.lproj/Localizable.strings; sourceTree = "<group>"; };
		6382CD0B2615CFEF00384F69 /* it */ = {isa = PBXFileReference; lastKnownFileType = text.plist.strings; name = it; path = it.lproj/LaunchScreen.strings; sourceTree = "<group>"; };
		6382CD0F2615CFF000384F69 /* it */ = {isa = PBXFileReference; lastKnownFileType = text.plist.strings; name = it; path = it.lproj/Interface.strings; sourceTree = "<group>"; };
		63880ED02610E66E003C3701 /* ApiUtils.swift */ = {isa = PBXFileReference; lastKnownFileType = sourcecode.swift; path = ApiUtils.swift; sourceTree = "<group>"; };
		638AB8E5261494510020EE75 /* SceneServices.swift */ = {isa = PBXFileReference; lastKnownFileType = sourcecode.swift; path = SceneServices.swift; sourceTree = "<group>"; };
		638AB8EA261495EB0020EE75 /* HouseServices.swift */ = {isa = PBXFileReference; lastKnownFileType = sourcecode.swift; path = HouseServices.swift; sourceTree = "<group>"; };
		638AB90626149CC30020EE75 /* AppPresentationPagerViewController.swift */ = {isa = PBXFileReference; lastKnownFileType = sourcecode.swift; path = AppPresentationPagerViewController.swift; sourceTree = "<group>"; };
		638AB90726149CC30020EE75 /* AppPresentationPagerViewController.xib */ = {isa = PBXFileReference; lastKnownFileType = file.xib; path = AppPresentationPagerViewController.xib; sourceTree = "<group>"; };
		63BB149A2615CEF0001E9D64 /* zh-Hans */ = {isa = PBXFileReference; lastKnownFileType = text.plist.strings; name = "zh-Hans"; path = "zh-Hans.lproj/LaunchScreen.strings"; sourceTree = "<group>"; };
		63BB149B2615CEF0001E9D64 /* zh-Hans */ = {isa = PBXFileReference; lastKnownFileType = text.plist.strings; name = "zh-Hans"; path = "zh-Hans.lproj/Interface.strings"; sourceTree = "<group>"; };
		63BB149C2615CEF7001E9D64 /* zh-Hans */ = {isa = PBXFileReference; lastKnownFileType = text.plist.strings; name = "zh-Hans"; path = "zh-Hans.lproj/Localizable.strings"; sourceTree = "<group>"; };
		63D5B2972610FB35004573D7 /* ErrorDto.swift */ = {isa = PBXFileReference; lastKnownFileType = sourcecode.swift; path = ErrorDto.swift; sourceTree = "<group>"; };
		63E81DD22615D028003FD580 /* pt-PT */ = {isa = PBXFileReference; lastKnownFileType = text.plist.strings; name = "pt-PT"; path = "pt-PT.lproj/LaunchScreen.strings"; sourceTree = "<group>"; };
		63E81DD32615D028003FD580 /* pt-PT */ = {isa = PBXFileReference; lastKnownFileType = text.plist.strings; name = "pt-PT"; path = "pt-PT.lproj/Interface.strings"; sourceTree = "<group>"; };
		670B777090DD6CA87229D4F9 /* Pods-Orchestra WatchKit App.release.xcconfig */ = {isa = PBXFileReference; includeInIndex = 1; lastKnownFileType = text.xcconfig; name = "Pods-Orchestra WatchKit App.release.xcconfig"; path = "Target Support Files/Pods-Orchestra WatchKit App/Pods-Orchestra WatchKit App.release.xcconfig"; sourceTree = "<group>"; };
		7FAD353EAECCA6536257D9E8 /* Pods_Orchestra_WatchKit_Extension.framework */ = {isa = PBXFileReference; explicitFileType = wrapper.framework; includeInIndex = 0; path = Pods_Orchestra_WatchKit_Extension.framework; sourceTree = BUILT_PRODUCTS_DIR; };
		90074EA80385F9CA0A47AFA8 /* Pods-Orchestra WatchKit Extension.release.xcconfig */ = {isa = PBXFileReference; includeInIndex = 1; lastKnownFileType = text.xcconfig; name = "Pods-Orchestra WatchKit Extension.release.xcconfig"; path = "Target Support Files/Pods-Orchestra WatchKit Extension/Pods-Orchestra WatchKit Extension.release.xcconfig"; sourceTree = "<group>"; };
		BF7E536A97D2401A526599E8 /* Pods-Orchestra.release.xcconfig */ = {isa = PBXFileReference; includeInIndex = 1; lastKnownFileType = text.xcconfig; name = "Pods-Orchestra.release.xcconfig"; path = "Target Support Files/Pods-Orchestra/Pods-Orchestra.release.xcconfig"; sourceTree = "<group>"; };
		FFA77B06EF6CDC63FC91548F /* Pods-Orchestra WatchKit Extension.debug.xcconfig */ = {isa = PBXFileReference; includeInIndex = 1; lastKnownFileType = text.xcconfig; name = "Pods-Orchestra WatchKit Extension.debug.xcconfig"; path = "Target Support Files/Pods-Orchestra WatchKit Extension/Pods-Orchestra WatchKit Extension.debug.xcconfig"; sourceTree = "<group>"; };
/* End PBXFileReference section */

/* Begin PBXFrameworksBuildPhase section */
		00A852ECB76DB9266A5CE67E /* Frameworks */ = {
			isa = PBXFrameworksBuildPhase;
			buildActionMask = 2147483647;
			files = (
				5C4EBF5457359C3995E9FFCD /* Pods_Orchestra_WatchKit_App.framework in Frameworks */,
			);
			runOnlyForDeploymentPostprocessing = 0;
		};
		636F46FB260A5F8B001D8196 /* Frameworks */ = {
			isa = PBXFrameworksBuildPhase;
			buildActionMask = 2147483647;
			files = (
				3653130CB065165D68A170BD /* Pods_Orchestra.framework in Frameworks */,
			);
			runOnlyForDeploymentPostprocessing = 0;
		};
		636F471E260A5F91001D8196 /* Frameworks */ = {
			isa = PBXFrameworksBuildPhase;
			buildActionMask = 2147483647;
			files = (
				5A5AFD1AF1FD1F2254A4819C /* Pods_Orchestra_WatchKit_Extension.framework in Frameworks */,
			);
			runOnlyForDeploymentPostprocessing = 0;
		};
/* End PBXFrameworksBuildPhase section */

/* Begin PBXGroup section */
		3C234B1F80F51B1918CA428F /* Pods */ = {
			isa = PBXGroup;
			children = (
				08266D5F035016D5D7C3E034 /* Pods-Orchestra.debug.xcconfig */,
				BF7E536A97D2401A526599E8 /* Pods-Orchestra.release.xcconfig */,
				345D1894693AA5764AA58039 /* Pods-Orchestra WatchKit App.debug.xcconfig */,
				670B777090DD6CA87229D4F9 /* Pods-Orchestra WatchKit App.release.xcconfig */,
				FFA77B06EF6CDC63FC91548F /* Pods-Orchestra WatchKit Extension.debug.xcconfig */,
				90074EA80385F9CA0A47AFA8 /* Pods-Orchestra WatchKit Extension.release.xcconfig */,
			);
			path = Pods;
			sourceTree = "<group>";
		};
		633E7E392610CFE60094B148 /* Views */ = {
			isa = PBXGroup;
			children = (
				634F9566261B42C10092C269 /* Settings */,
				634F9541261A33E80092C269 /* Accueil */,
				635DD50E261A177F001D1EFC /* Présentation */,
				635DD4E4261A0629001D1EFC /* Signin */,
				635DD4AC26188660001D1EFC /* Login */,
				636F4705260A5F8B001D8196 /* ViewController.swift */,
			);
			path = Views;
			sourceTree = "<group>";
		};
		633E7E3A2610CFEF0094B148 /* ViewModels */ = {
			isa = PBXGroup;
			children = (
				637FB62B2615125000790735 /* UsersViewModel.swift */,
			);
			path = ViewModels;
			sourceTree = "<group>";
		};
		633E7E3B2610CFFE0094B148 /* Core */ = {
			isa = PBXGroup;
			children = (
				63880E7D2610E1E5003C3701 /* Utils */,
				633E7E3D2610D03E0094B148 /* Rest */,
			);
			path = Core;
			sourceTree = "<group>";
		};
		633E7E3D2610D03E0094B148 /* Rest */ = {
			isa = PBXGroup;
			children = (
				633E7E482610D1010094B148 /* Dto */,
				633E7E3F2610D0720094B148 /* Services */,
				633E7E3E2610D0610094B148 /* Mocks */,
			);
			path = Rest;
			sourceTree = "<group>";
		};
		633E7E3E2610D0610094B148 /* Mocks */ = {
			isa = PBXGroup;
			children = (
				633E7E402610D0F50094B148 /* FakeUserDataService.swift */,
				635DD49D26188025001D1EFC /* Users.json */,
				635DD4A226188034001D1EFC /* Scenes.json */,
				635DD4A726188041001D1EFC /* Houses.json */,
			);
			path = Mocks;
			sourceTree = "<group>";
		};
		633E7E3F2610D0720094B148 /* Services */ = {
			isa = PBXGroup;
			children = (
				633E7E4B2610D12D0094B148 /* RootApiService.swift */,
				630BE209261479B300F88DB2 /* RaspberryService.swift */,
				630BE20E261479FF00F88DB2 /* HomeAssistantService.swift */,
				630BE21426147A4A00F88DB2 /* UserServices.swift */,
				638AB8E5261494510020EE75 /* SceneServices.swift */,
				638AB8EA261495EB0020EE75 /* HouseServices.swift */,
			);
			path = Services;
			sourceTree = "<group>";
		};
		633E7E482610D1010094B148 /* Dto */ = {
			isa = PBXGroup;
			children = (
				633E7E532610D1400094B148 /* UserDto.swift */,
				633E7E732610D6660094B148 /* HouseDto.swift */,
				633E7E792610D67B0094B148 /* SceneDto.swift */,
				633E7E812610D7460094B148 /* ActionsSceneDto.swift */,
				63D5B2972610FB35004573D7 /* ErrorDto.swift */,
			);
			path = Dto;
			sourceTree = "<group>";
		};
		634F9541261A33E80092C269 /* Accueil */ = {
			isa = PBXGroup;
			children = (
				634F9592261B6E550092C269 /* Header */,
				634F9579261B65670092C269 /* Cells */,
				634F9542261A340A0092C269 /* ScenesListViewController.swift */,
				634F9543261A340A0092C269 /* ScenesListViewController.xib */,
			);
			path = Accueil;
			sourceTree = "<group>";
		};
		634F9566261B42C10092C269 /* Settings */ = {
			isa = PBXGroup;
			children = (
				634F9572261B42FD0092C269 /* AppSettingsViewController.swift */,
				634F9573261B42FD0092C269 /* AppSettingsViewController.xib */,
			);
			path = Settings;
			sourceTree = "<group>";
		};
		634F9579261B65670092C269 /* Cells */ = {
			isa = PBXGroup;
			children = (
				634F9593261B6E630092C269 /* Xib */,
				634F957A261B65920092C269 /* ObjectCollectionViewCell.swift */,
				634F9584261B67A80092C269 /* SceneCollectionViewCell.swift */,
			);
			path = Cells;
			sourceTree = "<group>";
		};
		634F9592261B6E550092C269 /* Header */ = {
			isa = PBXGroup;
			children = (
				634F958B261B6B260092C269 /* HeaderCollectionViewCell.swift */,
				634F958C261B6B260092C269 /* HeaderCollectionViewCell.xib */,
			);
			path = Header;
			sourceTree = "<group>";
		};
		634F9593261B6E630092C269 /* Xib */ = {
			isa = PBXGroup;
			children = (
				634F957B261B65920092C269 /* ObjectCollectionViewCell.xib */,
				634F9585261B67A80092C269 /* SceneCollectionViewCell.xib */,
			);
			path = Xib;
			sourceTree = "<group>";
		};
		635DD4AC26188660001D1EFC /* Login */ = {
			isa = PBXGroup;
			children = (
				635DD4AE2618867E001D1EFC /* LoginViewController.swift */,
				635DD4AF2618867E001D1EFC /* LoginViewController.xib */,
			);
			path = Login;
			sourceTree = "<group>";
		};
		635DD4E4261A0629001D1EFC /* Signin */ = {
			isa = PBXGroup;
			children = (
				635DD4E5261A0640001D1EFC /* SigninViewController.swift */,
				635DD4E6261A0640001D1EFC /* SigninViewController.xib */,
			);
			path = Signin;
			sourceTree = "<group>";
		};
		635DD50E261A177F001D1EFC /* Présentation */ = {
			isa = PBXGroup;
			children = (
				638AB90726149CC30020EE75 /* AppPresentationPagerViewController.xib */,
				638AB90626149CC30020EE75 /* AppPresentationPagerViewController.swift */,
			);
			name = "Présentation";
			path = "Présentation";
			sourceTree = "<group>";
		};
		635DD50F261A1799001D1EFC /* Ressources */ = {
			isa = PBXGroup;
			children = (
				636F4701260A5F8B001D8196 /* AppDelegate.swift */,
				636F4703260A5F8B001D8196 /* SceneDelegate.swift */,
				636F470A260A5F8F001D8196 /* Assets.xcassets */,
				636F470C260A5F8F001D8196 /* LaunchScreen.storyboard */,
			);
			path = Ressources;
			sourceTree = "<group>";
		};
		636F46F5260A5F8B001D8196 = {
			isa = PBXGroup;
			children = (
				636F4700260A5F8B001D8196 /* Orchestra */,
				636F4716260A5F8F001D8196 /* Orchestra WatchKit App */,
				636F4725260A5F91001D8196 /* Orchestra WatchKit Extension */,
				636F46FF260A5F8B001D8196 /* Products */,
				3C234B1F80F51B1918CA428F /* Pods */,
				9AEACD527D41A017C3E5AA78 /* Frameworks */,
			);
			sourceTree = "<group>";
		};
		636F46FF260A5F8B001D8196 /* Products */ = {
			isa = PBXGroup;
			children = (
				636F46FE260A5F8B001D8196 /* Orchestra.app */,
				636F4712260A5F8F001D8196 /* Orchestra WatchKit App.app */,
				636F4721260A5F91001D8196 /* Orchestra WatchKit Extension.appex */,
			);
			name = Products;
			sourceTree = "<group>";
		};
		636F4700260A5F8B001D8196 /* Orchestra */ = {
			isa = PBXGroup;
			children = (
				635DD50F261A1799001D1EFC /* Ressources */,
				633E7E3B2610CFFE0094B148 /* Core */,
				633E7E3A2610CFEF0094B148 /* ViewModels */,
				633E7E392610CFE60094B148 /* Views */,
				636F470F260A5F8F001D8196 /* Info.plist */,
				637FB6D12615CEA600790735 /* Localizable.strings */,
			);
			path = Orchestra;
			sourceTree = "<group>";
		};
		636F4716260A5F8F001D8196 /* Orchestra WatchKit App */ = {
			isa = PBXGroup;
			children = (
				636F4717260A5F8F001D8196 /* Interface.storyboard */,
				636F471A260A5F91001D8196 /* Assets.xcassets */,
				636F471C260A5F91001D8196 /* Info.plist */,
			);
			path = "Orchestra WatchKit App";
			sourceTree = "<group>";
		};
		636F4725260A5F91001D8196 /* Orchestra WatchKit Extension */ = {
			isa = PBXGroup;
			children = (
				636F4726260A5F91001D8196 /* InterfaceController.swift */,
				636F4728260A5F91001D8196 /* ExtensionDelegate.swift */,
				636F472A260A5F91001D8196 /* NotificationController.swift */,
				636F472C260A5F91001D8196 /* ComplicationController.swift */,
				636F472E260A5F93001D8196 /* Assets.xcassets */,
				636F4730260A5F93001D8196 /* Info.plist */,
				636F4731260A5F93001D8196 /* PushNotificationPayload.apns */,
			);
			path = "Orchestra WatchKit Extension";
			sourceTree = "<group>";
		};
		637FB66F2615BE6F00790735 /* LocalizableStringUtils */ = {
			isa = PBXGroup;
			children = (
				637FB6702615BE8000790735 /* UserLocalizableUtils.swift */,
				637FB6BA2615CBAE00790735 /* NotificationLocalizableUtils.swift */,
				634F954C261A41240092C269 /* ScreensLabelLocalizableUtils.swift */,
			);
			path = LocalizableStringUtils;
			sourceTree = "<group>";
		};
		63880E7D2610E1E5003C3701 /* Utils */ = {
			isa = PBXGroup;
			children = (
				637FB66F2615BE6F00790735 /* LocalizableStringUtils */,
				63880ED02610E66E003C3701 /* ApiUtils.swift */,
				631BAB1C2610EA38003F65F9 /* StringUtils.swift */,
				631BAB212610EA8E003F65F9 /* FileUtils.swift */,
				637FB6412615BCB900790735 /* NotificationUtils.swift */,
				637FB6782615BFA200790735 /* ProgressUtils.swift */,
				635DD4F7261A0BDC001D1EFC /* AppError.swift */,
			);
			path = Utils;
			sourceTree = "<group>";
		};
		9AEACD527D41A017C3E5AA78 /* Frameworks */ = {
			isa = PBXGroup;
			children = (
				2D162F61AA955C0AA6A7EF18 /* Pods_Orchestra.framework */,
				5D82E963E24E7DDADBC96DA3 /* Pods_Orchestra_WatchKit_App.framework */,
				7FAD353EAECCA6536257D9E8 /* Pods_Orchestra_WatchKit_Extension.framework */,
			);
			name = Frameworks;
			sourceTree = "<group>";
		};
/* End PBXGroup section */

/* Begin PBXNativeTarget section */
		636F46FD260A5F8B001D8196 /* Orchestra */ = {
			isa = PBXNativeTarget;
			buildConfigurationList = 636F473C260A5F94001D8196 /* Build configuration list for PBXNativeTarget "Orchestra" */;
			buildPhases = (
				09F087A5590FF0C451171A96 /* [CP] Check Pods Manifest.lock */,
				636F46FA260A5F8B001D8196 /* Sources */,
				636F46FB260A5F8B001D8196 /* Frameworks */,
				636F46FC260A5F8B001D8196 /* Resources */,
				636F473B260A5F94001D8196 /* Embed Watch Content */,
				1A1854D8AE48FC5AF11498AB /* [CP] Embed Pods Frameworks */,
			);
			buildRules = (
			);
			dependencies = (
				636F4715260A5F8F001D8196 /* PBXTargetDependency */,
			);
			name = Orchestra;
			productName = Orchestra;
			productReference = 636F46FE260A5F8B001D8196 /* Orchestra.app */;
			productType = "com.apple.product-type.application";
		};
		636F4711260A5F8F001D8196 /* Orchestra WatchKit App */ = {
			isa = PBXNativeTarget;
			buildConfigurationList = 636F4738260A5F94001D8196 /* Build configuration list for PBXNativeTarget "Orchestra WatchKit App" */;
			buildPhases = (
				0B05C86B9EBC85C0BE3517EB /* [CP] Check Pods Manifest.lock */,
				636F4710260A5F8F001D8196 /* Resources */,
				636F4737260A5F94001D8196 /* Embed App Extensions */,
				00A852ECB76DB9266A5CE67E /* Frameworks */,
			);
			buildRules = (
			);
			dependencies = (
				636F4724260A5F91001D8196 /* PBXTargetDependency */,
			);
			name = "Orchestra WatchKit App";
			productName = "Orchestra WatchKit App";
			productReference = 636F4712260A5F8F001D8196 /* Orchestra WatchKit App.app */;
			productType = "com.apple.product-type.application.watchapp2";
		};
		636F4720260A5F91001D8196 /* Orchestra WatchKit Extension */ = {
			isa = PBXNativeTarget;
			buildConfigurationList = 636F4734260A5F94001D8196 /* Build configuration list for PBXNativeTarget "Orchestra WatchKit Extension" */;
			buildPhases = (
				C52B5FA770ADF4BB24844D47 /* [CP] Check Pods Manifest.lock */,
				636F471D260A5F91001D8196 /* Sources */,
				636F471E260A5F91001D8196 /* Frameworks */,
				636F471F260A5F91001D8196 /* Resources */,
				85BA2D18D9C61E468645516B /* [CP] Embed Pods Frameworks */,
			);
			buildRules = (
			);
			dependencies = (
			);
			name = "Orchestra WatchKit Extension";
			productName = "Orchestra WatchKit Extension";
			productReference = 636F4721260A5F91001D8196 /* Orchestra WatchKit Extension.appex */;
			productType = "com.apple.product-type.watchkit2-extension";
		};
/* End PBXNativeTarget section */

/* Begin PBXProject section */
		636F46F6260A5F8B001D8196 /* Project object */ = {
			isa = PBXProject;
			attributes = {
				LastSwiftUpdateCheck = 1220;
				LastUpgradeCheck = 1220;
				TargetAttributes = {
					636F46FD260A5F8B001D8196 = {
						CreatedOnToolsVersion = 12.2;
					};
					636F4711260A5F8F001D8196 = {
						CreatedOnToolsVersion = 12.2;
					};
					636F4720260A5F91001D8196 = {
						CreatedOnToolsVersion = 12.2;
					};
				};
			};
			buildConfigurationList = 636F46F9260A5F8B001D8196 /* Build configuration list for PBXProject "Orchestra" */;
			compatibilityVersion = "Xcode 9.3";
			developmentRegion = en;
			hasScannedForEncodings = 0;
			knownRegions = (
				en,
				Base,
				"zh-Hans",
				es,
				de,
				it,
				"pt-PT",
				nl,
				fr,
			);
			mainGroup = 636F46F5260A5F8B001D8196;
			productRefGroup = 636F46FF260A5F8B001D8196 /* Products */;
			projectDirPath = "";
			projectRoot = "";
			targets = (
				636F46FD260A5F8B001D8196 /* Orchestra */,
				636F4711260A5F8F001D8196 /* Orchestra WatchKit App */,
				636F4720260A5F91001D8196 /* Orchestra WatchKit Extension */,
			);
		};
/* End PBXProject section */

/* Begin PBXResourcesBuildPhase section */
		636F46FC260A5F8B001D8196 /* Resources */ = {
			isa = PBXResourcesBuildPhase;
			buildActionMask = 2147483647;
			files = (
				635DD4E8261A0640001D1EFC /* SigninViewController.xib in Resources */,
				634F9587261B67A80092C269 /* SceneCollectionViewCell.xib in Resources */,
				635DD4B12618867E001D1EFC /* LoginViewController.xib in Resources */,
				635DD4A826188041001D1EFC /* Houses.json in Resources */,
				634F9575261B42FD0092C269 /* AppSettingsViewController.xib in Resources */,
				634F9545261A340A0092C269 /* ScenesListViewController.xib in Resources */,
				636F470E260A5F8F001D8196 /* LaunchScreen.storyboard in Resources */,
				637FB6CF2615CEA600790735 /* Localizable.strings in Resources */,
				635DD4A326188034001D1EFC /* Scenes.json in Resources */,
				636F470B260A5F8F001D8196 /* Assets.xcassets in Resources */,
				635DD49E26188025001D1EFC /* Users.json in Resources */,
				634F958E261B6B260092C269 /* HeaderCollectionViewCell.xib in Resources */,
				638AB90926149CC30020EE75 /* AppPresentationPagerViewController.xib in Resources */,
				634F957D261B65920092C269 /* ObjectCollectionViewCell.xib in Resources */,
			);
			runOnlyForDeploymentPostprocessing = 0;
		};
		636F4710260A5F8F001D8196 /* Resources */ = {
			isa = PBXResourcesBuildPhase;
			buildActionMask = 2147483647;
			files = (
				636F471B260A5F91001D8196 /* Assets.xcassets in Resources */,
				636F4719260A5F8F001D8196 /* Interface.storyboard in Resources */,
			);
			runOnlyForDeploymentPostprocessing = 0;
		};
		636F471F260A5F91001D8196 /* Resources */ = {
			isa = PBXResourcesBuildPhase;
			buildActionMask = 2147483647;
			files = (
				636F472F260A5F93001D8196 /* Assets.xcassets in Resources */,
			);
			runOnlyForDeploymentPostprocessing = 0;
		};
/* End PBXResourcesBuildPhase section */

/* Begin PBXShellScriptBuildPhase section */
		09F087A5590FF0C451171A96 /* [CP] Check Pods Manifest.lock */ = {
			isa = PBXShellScriptBuildPhase;
			buildActionMask = 2147483647;
			files = (
			);
			inputFileListPaths = (
			);
			inputPaths = (
				"${PODS_PODFILE_DIR_PATH}/Podfile.lock",
				"${PODS_ROOT}/Manifest.lock",
			);
			name = "[CP] Check Pods Manifest.lock";
			outputFileListPaths = (
			);
			outputPaths = (
				"$(DERIVED_FILE_DIR)/Pods-Orchestra-checkManifestLockResult.txt",
			);
			runOnlyForDeploymentPostprocessing = 0;
			shellPath = /bin/sh;
			shellScript = "diff \"${PODS_PODFILE_DIR_PATH}/Podfile.lock\" \"${PODS_ROOT}/Manifest.lock\" > /dev/null\nif [ $? != 0 ] ; then\n    # print error to STDERR\n    echo \"error: The sandbox is not in sync with the Podfile.lock. Run 'pod install' or update your CocoaPods installation.\" >&2\n    exit 1\nfi\n# This output is used by Xcode 'outputs' to avoid re-running this script phase.\necho \"SUCCESS\" > \"${SCRIPT_OUTPUT_FILE_0}\"\n";
			showEnvVarsInLog = 0;
		};
		0B05C86B9EBC85C0BE3517EB /* [CP] Check Pods Manifest.lock */ = {
			isa = PBXShellScriptBuildPhase;
			buildActionMask = 2147483647;
			files = (
			);
			inputFileListPaths = (
			);
			inputPaths = (
				"${PODS_PODFILE_DIR_PATH}/Podfile.lock",
				"${PODS_ROOT}/Manifest.lock",
			);
			name = "[CP] Check Pods Manifest.lock";
			outputFileListPaths = (
			);
			outputPaths = (
				"$(DERIVED_FILE_DIR)/Pods-Orchestra WatchKit App-checkManifestLockResult.txt",
			);
			runOnlyForDeploymentPostprocessing = 0;
			shellPath = /bin/sh;
			shellScript = "diff \"${PODS_PODFILE_DIR_PATH}/Podfile.lock\" \"${PODS_ROOT}/Manifest.lock\" > /dev/null\nif [ $? != 0 ] ; then\n    # print error to STDERR\n    echo \"error: The sandbox is not in sync with the Podfile.lock. Run 'pod install' or update your CocoaPods installation.\" >&2\n    exit 1\nfi\n# This output is used by Xcode 'outputs' to avoid re-running this script phase.\necho \"SUCCESS\" > \"${SCRIPT_OUTPUT_FILE_0}\"\n";
			showEnvVarsInLog = 0;
		};
		1A1854D8AE48FC5AF11498AB /* [CP] Embed Pods Frameworks */ = {
			isa = PBXShellScriptBuildPhase;
			buildActionMask = 2147483647;
			files = (
			);
			inputFileListPaths = (
				"${PODS_ROOT}/Target Support Files/Pods-Orchestra/Pods-Orchestra-frameworks-${CONFIGURATION}-input-files.xcfilelist",
			);
			name = "[CP] Embed Pods Frameworks";
			outputFileListPaths = (
				"${PODS_ROOT}/Target Support Files/Pods-Orchestra/Pods-Orchestra-frameworks-${CONFIGURATION}-output-files.xcfilelist",
			);
			runOnlyForDeploymentPostprocessing = 0;
			shellPath = /bin/sh;
			shellScript = "\"${PODS_ROOT}/Target Support Files/Pods-Orchestra/Pods-Orchestra-frameworks.sh\"\n";
			showEnvVarsInLog = 0;
		};
		85BA2D18D9C61E468645516B /* [CP] Embed Pods Frameworks */ = {
			isa = PBXShellScriptBuildPhase;
			buildActionMask = 2147483647;
			files = (
			);
			inputFileListPaths = (
				"${PODS_ROOT}/Target Support Files/Pods-Orchestra WatchKit Extension/Pods-Orchestra WatchKit Extension-frameworks-${CONFIGURATION}-input-files.xcfilelist",
			);
			name = "[CP] Embed Pods Frameworks";
			outputFileListPaths = (
				"${PODS_ROOT}/Target Support Files/Pods-Orchestra WatchKit Extension/Pods-Orchestra WatchKit Extension-frameworks-${CONFIGURATION}-output-files.xcfilelist",
			);
			runOnlyForDeploymentPostprocessing = 0;
			shellPath = /bin/sh;
			shellScript = "\"${PODS_ROOT}/Target Support Files/Pods-Orchestra WatchKit Extension/Pods-Orchestra WatchKit Extension-frameworks.sh\"\n";
			showEnvVarsInLog = 0;
		};
		C52B5FA770ADF4BB24844D47 /* [CP] Check Pods Manifest.lock */ = {
			isa = PBXShellScriptBuildPhase;
			buildActionMask = 2147483647;
			files = (
			);
			inputFileListPaths = (
			);
			inputPaths = (
				"${PODS_PODFILE_DIR_PATH}/Podfile.lock",
				"${PODS_ROOT}/Manifest.lock",
			);
			name = "[CP] Check Pods Manifest.lock";
			outputFileListPaths = (
			);
			outputPaths = (
				"$(DERIVED_FILE_DIR)/Pods-Orchestra WatchKit Extension-checkManifestLockResult.txt",
			);
			runOnlyForDeploymentPostprocessing = 0;
			shellPath = /bin/sh;
			shellScript = "diff \"${PODS_PODFILE_DIR_PATH}/Podfile.lock\" \"${PODS_ROOT}/Manifest.lock\" > /dev/null\nif [ $? != 0 ] ; then\n    # print error to STDERR\n    echo \"error: The sandbox is not in sync with the Podfile.lock. Run 'pod install' or update your CocoaPods installation.\" >&2\n    exit 1\nfi\n# This output is used by Xcode 'outputs' to avoid re-running this script phase.\necho \"SUCCESS\" > \"${SCRIPT_OUTPUT_FILE_0}\"\n";
			showEnvVarsInLog = 0;
		};
/* End PBXShellScriptBuildPhase section */

/* Begin PBXSourcesBuildPhase section */
		636F46FA260A5F8B001D8196 /* Sources */ = {
			isa = PBXSourcesBuildPhase;
			buildActionMask = 2147483647;
			files = (
				637FB6422615BCB900790735 /* NotificationUtils.swift in Sources */,
				634F954D261A41240092C269 /* ScreensLabelLocalizableUtils.swift in Sources */,
				630BE21526147A4A00F88DB2 /* UserServices.swift in Sources */,
				636F4706260A5F8B001D8196 /* ViewController.swift in Sources */,
				633E7E412610D0F50094B148 /* FakeUserDataService.swift in Sources */,
				633E7E542610D1400094B148 /* UserDto.swift in Sources */,
				637FB6792615BFA200790735 /* ProgressUtils.swift in Sources */,
				634F9574261B42FD0092C269 /* AppSettingsViewController.swift in Sources */,
				631BAB222610EA8E003F65F9 /* FileUtils.swift in Sources */,
				630BE20A261479B300F88DB2 /* RaspberryService.swift in Sources */,
				638AB8EB261495EB0020EE75 /* HouseServices.swift in Sources */,
				634F9544261A340A0092C269 /* ScenesListViewController.swift in Sources */,
				634F957C261B65920092C269 /* ObjectCollectionViewCell.swift in Sources */,
				634F9586261B67A80092C269 /* SceneCollectionViewCell.swift in Sources */,
				638AB8E6261494510020EE75 /* SceneServices.swift in Sources */,
				633E7E4C2610D12D0094B148 /* RootApiService.swift in Sources */,
				637FB6BB2615CBAE00790735 /* NotificationLocalizableUtils.swift in Sources */,
				637FB62C2615125000790735 /* UsersViewModel.swift in Sources */,
				635DD4B02618867E001D1EFC /* LoginViewController.swift in Sources */,
				63880ED12610E66E003C3701 /* ApiUtils.swift in Sources */,
				630BE20F261479FF00F88DB2 /* HomeAssistantService.swift in Sources */,
				634F958D261B6B260092C269 /* HeaderCollectionViewCell.swift in Sources */,
				635DD4E7261A0640001D1EFC /* SigninViewController.swift in Sources */,
				636F4702260A5F8B001D8196 /* AppDelegate.swift in Sources */,
				633E7E742610D6660094B148 /* HouseDto.swift in Sources */,
				633E7E822610D7460094B148 /* ActionsSceneDto.swift in Sources */,
				635DD4F8261A0BDC001D1EFC /* AppError.swift in Sources */,
				638AB90826149CC30020EE75 /* AppPresentationPagerViewController.swift in Sources */,
				631BAB1D2610EA38003F65F9 /* StringUtils.swift in Sources */,
				633E7E7A2610D67B0094B148 /* SceneDto.swift in Sources */,
				637FB6712615BE8000790735 /* UserLocalizableUtils.swift in Sources */,
				63D5B2982610FB35004573D7 /* ErrorDto.swift in Sources */,
				636F4704260A5F8B001D8196 /* SceneDelegate.swift in Sources */,
			);
			runOnlyForDeploymentPostprocessing = 0;
		};
		636F471D260A5F91001D8196 /* Sources */ = {
			isa = PBXSourcesBuildPhase;
			buildActionMask = 2147483647;
			files = (
				636F472B260A5F91001D8196 /* NotificationController.swift in Sources */,
				636F472D260A5F91001D8196 /* ComplicationController.swift in Sources */,
				636F4729260A5F91001D8196 /* ExtensionDelegate.swift in Sources */,
				636F4727260A5F91001D8196 /* InterfaceController.swift in Sources */,
			);
			runOnlyForDeploymentPostprocessing = 0;
		};
/* End PBXSourcesBuildPhase section */

/* Begin PBXTargetDependency section */
		636F4715260A5F8F001D8196 /* PBXTargetDependency */ = {
			isa = PBXTargetDependency;
			target = 636F4711260A5F8F001D8196 /* Orchestra WatchKit App */;
			targetProxy = 636F4714260A5F8F001D8196 /* PBXContainerItemProxy */;
		};
		636F4724260A5F91001D8196 /* PBXTargetDependency */ = {
			isa = PBXTargetDependency;
			target = 636F4720260A5F91001D8196 /* Orchestra WatchKit Extension */;
			targetProxy = 636F4723260A5F91001D8196 /* PBXContainerItemProxy */;
		};
/* End PBXTargetDependency section */

/* Begin PBXVariantGroup section */
		636F470C260A5F8F001D8196 /* LaunchScreen.storyboard */ = {
			isa = PBXVariantGroup;
			children = (
				636F470D260A5F8F001D8196 /* Base */,
				63BB149A2615CEF0001E9D64 /* zh-Hans */,
				633AB0932615CF68002F6883 /* es */,
				630E84A62615CFC4005CE9A1 /* de */,
				6382CD0B2615CFEF00384F69 /* it */,
				63E81DD22615D028003FD580 /* pt-PT */,
				6346F07F2615D095008ACED9 /* nl */,
				635DD4CC2618A174001D1EFC /* fr */,
			);
			name = LaunchScreen.storyboard;
			sourceTree = "<group>";
		};
		636F4717260A5F8F001D8196 /* Interface.storyboard */ = {
			isa = PBXVariantGroup;
			children = (
				636F4718260A5F8F001D8196 /* Base */,
				63BB149B2615CEF0001E9D64 /* zh-Hans */,
				633AB0942615CF68002F6883 /* es */,
				630E84A72615CFC4005CE9A1 /* de */,
				6382CD0F2615CFF000384F69 /* it */,
				63E81DD32615D028003FD580 /* pt-PT */,
				6346F0802615D095008ACED9 /* nl */,
				635DD4CD2618A174001D1EFC /* fr */,
			);
			name = Interface.storyboard;
			sourceTree = "<group>";
		};
		637FB6D12615CEA600790735 /* Localizable.strings */ = {
			isa = PBXVariantGroup;
			children = (
				637FB6D02615CEA600790735 /* en */,
				63BB149C2615CEF7001E9D64 /* zh-Hans */,
				6346F0812615D09A008ACED9 /* nl */,
				6346F0822615D09B008ACED9 /* de */,
				6346F0832615D09B008ACED9 /* it */,
				6346F0842615D09C008ACED9 /* pt-PT */,
				6346F0852615D09D008ACED9 /* es */,
				635DD4CE2618A174001D1EFC /* fr */,
			);
			name = Localizable.strings;
			sourceTree = "<group>";
		};
/* End PBXVariantGroup section */

/* Begin XCBuildConfiguration section */
		636F4732260A5F93001D8196 /* Debug */ = {
			isa = XCBuildConfiguration;
			buildSettings = {
				ALWAYS_SEARCH_USER_PATHS = NO;
				CLANG_ANALYZER_LOCALIZABILITY_NONLOCALIZED = YES;
				CLANG_ANALYZER_NONNULL = YES;
				CLANG_ANALYZER_NUMBER_OBJECT_CONVERSION = YES_AGGRESSIVE;
				CLANG_CXX_LANGUAGE_STANDARD = "gnu++14";
				CLANG_CXX_LIBRARY = "libc++";
				CLANG_ENABLE_MODULES = YES;
				CLANG_ENABLE_OBJC_ARC = YES;
				CLANG_ENABLE_OBJC_WEAK = YES;
				CLANG_WARN_BLOCK_CAPTURE_AUTORELEASING = YES;
				CLANG_WARN_BOOL_CONVERSION = YES;
				CLANG_WARN_COMMA = YES;
				CLANG_WARN_CONSTANT_CONVERSION = YES;
				CLANG_WARN_DEPRECATED_OBJC_IMPLEMENTATIONS = YES;
				CLANG_WARN_DIRECT_OBJC_ISA_USAGE = YES_ERROR;
				CLANG_WARN_DOCUMENTATION_COMMENTS = YES;
				CLANG_WARN_EMPTY_BODY = YES;
				CLANG_WARN_ENUM_CONVERSION = YES;
				CLANG_WARN_INFINITE_RECURSION = YES;
				CLANG_WARN_INT_CONVERSION = YES;
				CLANG_WARN_NON_LITERAL_NULL_CONVERSION = YES;
				CLANG_WARN_OBJC_IMPLICIT_RETAIN_SELF = YES;
				CLANG_WARN_OBJC_LITERAL_CONVERSION = YES;
				CLANG_WARN_OBJC_ROOT_CLASS = YES_ERROR;
				CLANG_WARN_QUOTED_INCLUDE_IN_FRAMEWORK_HEADER = YES;
				CLANG_WARN_RANGE_LOOP_ANALYSIS = YES;
				CLANG_WARN_STRICT_PROTOTYPES = YES;
				CLANG_WARN_SUSPICIOUS_MOVE = YES;
				CLANG_WARN_UNGUARDED_AVAILABILITY = YES_AGGRESSIVE;
				CLANG_WARN_UNREACHABLE_CODE = YES;
				CLANG_WARN__DUPLICATE_METHOD_MATCH = YES;
				COPY_PHASE_STRIP = NO;
				DEBUG_INFORMATION_FORMAT = dwarf;
				ENABLE_STRICT_OBJC_MSGSEND = YES;
				ENABLE_TESTABILITY = YES;
				GCC_C_LANGUAGE_STANDARD = gnu11;
				GCC_DYNAMIC_NO_PIC = NO;
				GCC_NO_COMMON_BLOCKS = YES;
				GCC_OPTIMIZATION_LEVEL = 0;
				GCC_PREPROCESSOR_DEFINITIONS = (
					"DEBUG=1",
					"$(inherited)",
				);
				GCC_WARN_64_TO_32_BIT_CONVERSION = YES;
				GCC_WARN_ABOUT_RETURN_TYPE = YES_ERROR;
				GCC_WARN_UNDECLARED_SELECTOR = YES;
				GCC_WARN_UNINITIALIZED_AUTOS = YES_AGGRESSIVE;
				GCC_WARN_UNUSED_FUNCTION = YES;
				GCC_WARN_UNUSED_VARIABLE = YES;
				IPHONEOS_DEPLOYMENT_TARGET = 13.0;
				MTL_ENABLE_DEBUG_INFO = INCLUDE_SOURCE;
				MTL_FAST_MATH = YES;
				ONLY_ACTIVE_ARCH = YES;
				SWIFT_ACTIVE_COMPILATION_CONDITIONS = DEBUG;
				SWIFT_OPTIMIZATION_LEVEL = "-Onone";
			};
			name = Debug;
		};
		636F4733260A5F93001D8196 /* Release */ = {
			isa = XCBuildConfiguration;
			buildSettings = {
				ALWAYS_SEARCH_USER_PATHS = NO;
				CLANG_ANALYZER_LOCALIZABILITY_NONLOCALIZED = YES;
				CLANG_ANALYZER_NONNULL = YES;
				CLANG_ANALYZER_NUMBER_OBJECT_CONVERSION = YES_AGGRESSIVE;
				CLANG_CXX_LANGUAGE_STANDARD = "gnu++14";
				CLANG_CXX_LIBRARY = "libc++";
				CLANG_ENABLE_MODULES = YES;
				CLANG_ENABLE_OBJC_ARC = YES;
				CLANG_ENABLE_OBJC_WEAK = YES;
				CLANG_WARN_BLOCK_CAPTURE_AUTORELEASING = YES;
				CLANG_WARN_BOOL_CONVERSION = YES;
				CLANG_WARN_COMMA = YES;
				CLANG_WARN_CONSTANT_CONVERSION = YES;
				CLANG_WARN_DEPRECATED_OBJC_IMPLEMENTATIONS = YES;
				CLANG_WARN_DIRECT_OBJC_ISA_USAGE = YES_ERROR;
				CLANG_WARN_DOCUMENTATION_COMMENTS = YES;
				CLANG_WARN_EMPTY_BODY = YES;
				CLANG_WARN_ENUM_CONVERSION = YES;
				CLANG_WARN_INFINITE_RECURSION = YES;
				CLANG_WARN_INT_CONVERSION = YES;
				CLANG_WARN_NON_LITERAL_NULL_CONVERSION = YES;
				CLANG_WARN_OBJC_IMPLICIT_RETAIN_SELF = YES;
				CLANG_WARN_OBJC_LITERAL_CONVERSION = YES;
				CLANG_WARN_OBJC_ROOT_CLASS = YES_ERROR;
				CLANG_WARN_QUOTED_INCLUDE_IN_FRAMEWORK_HEADER = YES;
				CLANG_WARN_RANGE_LOOP_ANALYSIS = YES;
				CLANG_WARN_STRICT_PROTOTYPES = YES;
				CLANG_WARN_SUSPICIOUS_MOVE = YES;
				CLANG_WARN_UNGUARDED_AVAILABILITY = YES_AGGRESSIVE;
				CLANG_WARN_UNREACHABLE_CODE = YES;
				CLANG_WARN__DUPLICATE_METHOD_MATCH = YES;
				COPY_PHASE_STRIP = NO;
				DEBUG_INFORMATION_FORMAT = "dwarf-with-dsym";
				ENABLE_NS_ASSERTIONS = NO;
				ENABLE_STRICT_OBJC_MSGSEND = YES;
				GCC_C_LANGUAGE_STANDARD = gnu11;
				GCC_NO_COMMON_BLOCKS = YES;
				GCC_WARN_64_TO_32_BIT_CONVERSION = YES;
				GCC_WARN_ABOUT_RETURN_TYPE = YES_ERROR;
				GCC_WARN_UNDECLARED_SELECTOR = YES;
				GCC_WARN_UNINITIALIZED_AUTOS = YES_AGGRESSIVE;
				GCC_WARN_UNUSED_FUNCTION = YES;
				GCC_WARN_UNUSED_VARIABLE = YES;
				IPHONEOS_DEPLOYMENT_TARGET = 13.0;
				MTL_ENABLE_DEBUG_INFO = NO;
				MTL_FAST_MATH = YES;
				SWIFT_COMPILATION_MODE = wholemodule;
				SWIFT_OPTIMIZATION_LEVEL = "-O";
			};
			name = Release;
		};
		636F4735260A5F94001D8196 /* Debug */ = {
			isa = XCBuildConfiguration;
			baseConfigurationReference = FFA77B06EF6CDC63FC91548F /* Pods-Orchestra WatchKit Extension.debug.xcconfig */;
			buildSettings = {
				ASSETCATALOG_COMPILER_COMPLICATION_NAME = Complication;
				CODE_SIGN_STYLE = Automatic;
				DEVELOPMENT_TEAM = WFH7JUNUYM;
				INFOPLIST_FILE = "Orchestra WatchKit Extension/Info.plist";
				LD_RUNPATH_SEARCH_PATHS = (
					"$(inherited)",
					"@executable_path/Frameworks",
					"@executable_path/../../Frameworks",
				);
				PRODUCT_BUNDLE_IDENTIFIER = com.rk.pg.Orchestra.watchkitapp.watchkitextension;
				PRODUCT_NAME = "${TARGET_NAME}";
				SDKROOT = watchos;
				SKIP_INSTALL = YES;
				SWIFT_VERSION = 5.0;
				TARGETED_DEVICE_FAMILY = 4;
				WATCHOS_DEPLOYMENT_TARGET = 7.1;
			};
			name = Debug;
		};
		636F4736260A5F94001D8196 /* Release */ = {
			isa = XCBuildConfiguration;
			baseConfigurationReference = 90074EA80385F9CA0A47AFA8 /* Pods-Orchestra WatchKit Extension.release.xcconfig */;
			buildSettings = {
				ASSETCATALOG_COMPILER_COMPLICATION_NAME = Complication;
				CODE_SIGN_STYLE = Automatic;
				DEVELOPMENT_TEAM = WFH7JUNUYM;
				INFOPLIST_FILE = "Orchestra WatchKit Extension/Info.plist";
				LD_RUNPATH_SEARCH_PATHS = (
					"$(inherited)",
					"@executable_path/Frameworks",
					"@executable_path/../../Frameworks",
				);
				PRODUCT_BUNDLE_IDENTIFIER = com.rk.pg.Orchestra.watchkitapp.watchkitextension;
				PRODUCT_NAME = "${TARGET_NAME}";
				SDKROOT = watchos;
				SKIP_INSTALL = YES;
				SWIFT_VERSION = 5.0;
				TARGETED_DEVICE_FAMILY = 4;
				VALIDATE_PRODUCT = YES;
				WATCHOS_DEPLOYMENT_TARGET = 7.1;
			};
			name = Release;
		};
		636F4739260A5F94001D8196 /* Debug */ = {
			isa = XCBuildConfiguration;
			baseConfigurationReference = 345D1894693AA5764AA58039 /* Pods-Orchestra WatchKit App.debug.xcconfig */;
			buildSettings = {
				ALWAYS_EMBED_SWIFT_STANDARD_LIBRARIES = YES;
				ASSETCATALOG_COMPILER_APPICON_NAME = AppIcon;
				ASSETCATALOG_COMPILER_GLOBAL_ACCENT_COLOR_NAME = AccentColor;
				CODE_SIGN_STYLE = Automatic;
				DEVELOPMENT_TEAM = WFH7JUNUYM;
				IBSC_MODULE = Orchestra_WatchKit_Extension;
				INFOPLIST_FILE = "Orchestra WatchKit App/Info.plist";
				PRODUCT_BUNDLE_IDENTIFIER = com.rk.pg.Orchestra.watchkitapp;
				PRODUCT_NAME = "$(TARGET_NAME)";
				SDKROOT = watchos;
				SKIP_INSTALL = YES;
				SWIFT_VERSION = 5.0;
				TARGETED_DEVICE_FAMILY = 4;
				WATCHOS_DEPLOYMENT_TARGET = 7.1;
			};
			name = Debug;
		};
		636F473A260A5F94001D8196 /* Release */ = {
			isa = XCBuildConfiguration;
			baseConfigurationReference = 670B777090DD6CA87229D4F9 /* Pods-Orchestra WatchKit App.release.xcconfig */;
			buildSettings = {
				ALWAYS_EMBED_SWIFT_STANDARD_LIBRARIES = YES;
				ASSETCATALOG_COMPILER_APPICON_NAME = AppIcon;
				ASSETCATALOG_COMPILER_GLOBAL_ACCENT_COLOR_NAME = AccentColor;
				CODE_SIGN_STYLE = Automatic;
				DEVELOPMENT_TEAM = WFH7JUNUYM;
				IBSC_MODULE = Orchestra_WatchKit_Extension;
				INFOPLIST_FILE = "Orchestra WatchKit App/Info.plist";
				PRODUCT_BUNDLE_IDENTIFIER = com.rk.pg.Orchestra.watchkitapp;
				PRODUCT_NAME = "$(TARGET_NAME)";
				SDKROOT = watchos;
				SKIP_INSTALL = YES;
				SWIFT_VERSION = 5.0;
				TARGETED_DEVICE_FAMILY = 4;
				VALIDATE_PRODUCT = YES;
				WATCHOS_DEPLOYMENT_TARGET = 7.1;
			};
			name = Release;
		};
		636F473D260A5F94001D8196 /* Debug */ = {
			isa = XCBuildConfiguration;
			baseConfigurationReference = 08266D5F035016D5D7C3E034 /* Pods-Orchestra.debug.xcconfig */;
			buildSettings = {
				API_SECRET = TOKEN;
				API_URL = "http://localhost:8000";
				ASSETCATALOG_COMPILER_APPICON_NAME = AppIcon;
				ASSETCATALOG_COMPILER_GLOBAL_ACCENT_COLOR_NAME = AccentColor;
				CODE_SIGN_STYLE = Automatic;
				DEVELOPMENT_TEAM = WFH7JUNUYM;
				INFOPLIST_FILE = Orchestra/Info.plist;
				IPHONEOS_DEPLOYMENT_TARGET = 13.0;
				LD_RUNPATH_SEARCH_PATHS = (
					"$(inherited)",
					"@executable_path/Frameworks",
				);
				PRODUCT_BUNDLE_IDENTIFIER = com.rk.pg.Orchestra;
				PRODUCT_NAME = "$(TARGET_NAME)";
				SDKROOT = iphoneos;
				SWIFT_VERSION = 5.0;
				TARGETED_DEVICE_FAMILY = 1;
			};
			name = Debug;
		};
		636F473E260A5F94001D8196 /* Release */ = {
			isa = XCBuildConfiguration;
			baseConfigurationReference = BF7E536A97D2401A526599E8 /* Pods-Orchestra.release.xcconfig */;
			buildSettings = {
				API_SECRET = TOKEN;
				API_URL = "http://localhost:8000";
				ASSETCATALOG_COMPILER_APPICON_NAME = AppIcon;
				ASSETCATALOG_COMPILER_GLOBAL_ACCENT_COLOR_NAME = AccentColor;
				CODE_SIGN_STYLE = Automatic;
				DEVELOPMENT_TEAM = WFH7JUNUYM;
				INFOPLIST_FILE = Orchestra/Info.plist;
				IPHONEOS_DEPLOYMENT_TARGET = 13.0;
				LD_RUNPATH_SEARCH_PATHS = (
					"$(inherited)",
					"@executable_path/Frameworks",
				);
				PRODUCT_BUNDLE_IDENTIFIER = com.rk.pg.Orchestra;
				PRODUCT_NAME = "$(TARGET_NAME)";
				SDKROOT = iphoneos;
				SWIFT_VERSION = 5.0;
				TARGETED_DEVICE_FAMILY = 1;
				VALIDATE_PRODUCT = YES;
			};
			name = Release;
		};
/* End XCBuildConfiguration section */

/* Begin XCConfigurationList section */
		636F46F9260A5F8B001D8196 /* Build configuration list for PBXProject "Orchestra" */ = {
			isa = XCConfigurationList;
			buildConfigurations = (
				636F4732260A5F93001D8196 /* Debug */,
				636F4733260A5F93001D8196 /* Release */,
			);
			defaultConfigurationIsVisible = 0;
			defaultConfigurationName = Release;
		};
		636F4734260A5F94001D8196 /* Build configuration list for PBXNativeTarget "Orchestra WatchKit Extension" */ = {
			isa = XCConfigurationList;
			buildConfigurations = (
				636F4735260A5F94001D8196 /* Debug */,
				636F4736260A5F94001D8196 /* Release */,
			);
			defaultConfigurationIsVisible = 0;
			defaultConfigurationName = Release;
		};
		636F4738260A5F94001D8196 /* Build configuration list for PBXNativeTarget "Orchestra WatchKit App" */ = {
			isa = XCConfigurationList;
			buildConfigurations = (
				636F4739260A5F94001D8196 /* Debug */,
				636F473A260A5F94001D8196 /* Release */,
			);
			defaultConfigurationIsVisible = 0;
			defaultConfigurationName = Release;
		};
		636F473C260A5F94001D8196 /* Build configuration list for PBXNativeTarget "Orchestra" */ = {
			isa = XCConfigurationList;
			buildConfigurations = (
				636F473D260A5F94001D8196 /* Debug */,
				636F473E260A5F94001D8196 /* Release */,
			);
			defaultConfigurationIsVisible = 0;
			defaultConfigurationName = Release;
		};
/* End XCConfigurationList section */
	};
	rootObject = 636F46F6260A5F8B001D8196 /* Project object */;
}
